schema: '2.0'
stages:
  creation:
    cmd: python src/creation/run.py --output data/raw/data.pickle --report params/report_params/creation.yaml
    deps:
    - path: src/creation/create_data.py
      md5: c97806ba1bbec92f5793d072356e37d8
      size: 1382
    - path: src/creation/run.py
      md5: 57a2aff35c05c2ea208d168738fcc78d
      size: 734
    outs:
    - path: data/raw/data.pickle
      md5: 6be5d486c7baa118742103f573e35884
      size: 7196
    - path: params/report_params/creation.yaml
      md5: 3462bed7d12b736f5c3d8b858d69d6ef
      size: 131
  prepare_data:
    cmd: python src/prepare_data/run.py --input data/raw/data.pickle --params params/stage_params/prepare_data.yaml
      --additional params/report_params/creation.yaml --report params/report_params/prepare_data.yaml
    deps:
    - path: data/raw/data.pickle
      md5: 6be5d486c7baa118742103f573e35884
      size: 7196
    - path: params/report_params/creation.yaml
      md5: 3462bed7d12b736f5c3d8b858d69d6ef
      size: 131
    - path: params/stage_params/prepare_data.yaml
      md5: 130eef75cdb151e95296ab41c0569030
      size: 157
    - path: src/prepare_data/run.py
      md5: 90a3a1e68b91d0e8b7d8dd06e59eddfa
      size: 1373
    - path: src/prepare_data/sepal_length.py
      md5: 24136b8a0ef6c8a796e5cab309299d2d
      size: 576
    - path: src/prepare_data/sepal_width.py
      md5: 3058cdf9e3eb5c4d15d2c92f9f2ce369
      size: 601
    outs:
    - path: params/report_params/prepare_data.yaml
      md5: 01271304909ae0662707aa4a59ac859d
      size: 123
